
Microsoft Visual Studio Solution File, Format Version 12.00
# Visual Studio Version 17
VisualStudioVersion = 17.1.32319.34
MinimumVisualStudioVersion = 10.0.40219.1
Project("{8BC9CEB8-8B4A-11D0-8D11-00A0C91BC942}") = "Overcoat", "Overcoat\Overcoat.vcxproj", "{711BA5BD-768C-4185-8430-7E4E792B45BD}"
EndProject
Global
	GlobalSection(SolutionConfigurationPlatforms) = preSolution
		Debug|x64 = Debug|x64
		Debug|x86 = Debug|x86
		Release|x64 = Release|x64
		Release|x86 = Release|x86
	EndGlobalSection
	GlobalSection(ProjectConfigurationPlatforms) = postSolution
		{711BA5BD-768C-4185-8430-7E4E792B45BD}.Debug|x64.ActiveCfg = Debug|x64
		{711BA5BD-768C-4185-8430-7E4E792B45BD}.Debug|x64.Build.0 = Debug|x64
		{711BA5BD-768C-4185-8430-7E4E792B45BD}.Debug|x86.ActiveCfg = Debug|Win32
		{711BA5BD-768C-4185-8430-7E4E792B45BD}.Debug|x86.Build.0 = Debug|Win32
		{711BA5BD-768C-4185-8430-7E4E792B45BD}.Release|x64.ActiveCfg = Release|x64
		{711BA5BD-768C-4185-8430-7E4E792B45BD}.Release|x64.Build.0 = Release|x64
		{711BA5BD-768C-4185-8430-7E4E792B45BD}.Release|x86.ActiveCfg = Release|Win32
		{711BA5BD-768C-4185-8430-7E4E792B45BD}.Release|x86.Build.0 = Release|Win32
	EndGlobalSection
	GlobalSection(SolutionProperties) = preSolution
		HideSolutionNode = FALSE
	EndGlobalSection
	GlobalSection(ExtensibilityGlobals) = postSolution
		SolutionGuid = {FEB22F57-8AA6-43F2-9203-5D8A55F28CCC}
	EndGlobalSection
EndGlobal
